
Microsoft Visual Studio Solution File, Format Version 11.00
# Visual Studio 2010
Project("{FAE04EC0-301F-11D3-BF4B-00C04F79EFBC}") = "Warfare.NET", "Warfare.NET\warfare\Warfare.NET.csproj", "{7A9CD689-ED4C-4805-B12A-535F4338AF29}"
EndProject
Project("{2150E333-8FDC-42A3-9474-1A3956D46DE8}") = "Core", "Core", "{0535A41B-25BF-443D-A3B2-82683B963466}"
EndProject
Project("{FAE04EC0-301F-11D3-BF4B-00C04F79EFBC}") = "Script.Compiler.Core", "core\Script.Compiler.Core\Script.Compiler.Core.csproj", "{477C5608-F5CD-436F-935D-66675988F1D9}"
EndProject
Project("{FAE04EC0-301F-11D3-BF4B-00C04F79EFBC}") = "Script.Compiler.Sqf", "core\Script.Compiler.Sqf\Script.Compiler.Sqf.csproj", "{77861F2D-D284-4913-B9E9-D906C7262219}"
EndProject
Project("{FAE04EC0-301F-11D3-BF4B-00C04F79EFBC}") = "Script.Compiler", "core\Script.Compiler\Script.Compiler.csproj", "{DDBFB239-D10A-45D6-8F26-CF467DFC6487}"
EndProject
Global
	GlobalSection(SolutionConfigurationPlatforms) = preSolution
		Debug with Doc|Any CPU = Debug with Doc|Any CPU
		Debug with Doc|Mixed Platforms = Debug with Doc|Mixed Platforms
		Debug with Doc|x86 = Debug with Doc|x86
		Debug_Ultra1|Any CPU = Debug_Ultra1|Any CPU
		Debug_Ultra1|Mixed Platforms = Debug_Ultra1|Mixed Platforms
		Debug_Ultra1|x86 = Debug_Ultra1|x86
		Debug_Ultra1T1|Any CPU = Debug_Ultra1T1|Any CPU
		Debug_Ultra1T1|Mixed Platforms = Debug_Ultra1T1|Mixed Platforms
		Debug_Ultra1T1|x86 = Debug_Ultra1T1|x86
		Debug_Ultra5|Any CPU = Debug_Ultra5|Any CPU
		Debug_Ultra5|Mixed Platforms = Debug_Ultra5|Mixed Platforms
		Debug_Ultra5|x86 = Debug_Ultra5|x86
		Debug_UltraTutorial|Any CPU = Debug_UltraTutorial|Any CPU
		Debug_UltraTutorial|Mixed Platforms = Debug_UltraTutorial|Mixed Platforms
		Debug_UltraTutorial|x86 = Debug_UltraTutorial|x86
		Debug_VBUltra1|Any CPU = Debug_VBUltra1|Any CPU
		Debug_VBUltra1|Mixed Platforms = Debug_VBUltra1|Mixed Platforms
		Debug_VBUltra1|x86 = Debug_VBUltra1|x86
		Debug_WebApp|Any CPU = Debug_WebApp|Any CPU
		Debug_WebApp|Mixed Platforms = Debug_WebApp|Mixed Platforms
		Debug_WebApp|x86 = Debug_WebApp|x86
		Debug|Any CPU = Debug|Any CPU
		Debug|Mixed Platforms = Debug|Mixed Platforms
		Debug|x86 = Debug|x86
		HTShop|Any CPU = HTShop|Any CPU
		HTShop|Mixed Platforms = HTShop|Mixed Platforms
		HTShop|x86 = HTShop|x86
		Release|Any CPU = Release|Any CPU
		Release|Mixed Platforms = Release|Mixed Platforms
		Release|x86 = Release|x86
	EndGlobalSection
	GlobalSection(ProjectConfigurationPlatforms) = postSolution
		{7A9CD689-ED4C-4805-B12A-535F4338AF29}.Debug with Doc|Any CPU.ActiveCfg = Debug|Any CPU
		{7A9CD689-ED4C-4805-B12A-535F4338AF29}.Debug with Doc|Any CPU.Build.0 = Debug|Any CPU
		{7A9CD689-ED4C-4805-B12A-535F4338AF29}.Debug with Doc|Mixed Platforms.ActiveCfg = Debug|Any CPU
		{7A9CD689-ED4C-4805-B12A-535F4338AF29}.Debug with Doc|Mixed Platforms.Build.0 = Debug|Any CPU
		{7A9CD689-ED4C-4805-B12A-535F4338AF29}.Debug with Doc|x86.ActiveCfg = Debug|Any CPU
		{7A9CD689-ED4C-4805-B12A-535F4338AF29}.Debug_Ultra1|Any CPU.ActiveCfg = Debug|Any CPU
		{7A9CD689-ED4C-4805-B12A-535F4338AF29}.Debug_Ultra1|Any CPU.Build.0 = Debug|Any CPU
		{7A9CD689-ED4C-4805-B12A-535F4338AF29}.Debug_Ultra1|Mixed Platforms.ActiveCfg = Debug|Any CPU
		{7A9CD689-ED4C-4805-B12A-535F4338AF29}.Debug_Ultra1|Mixed Platforms.Build.0 = Debug|Any CPU
		{7A9CD689-ED4C-4805-B12A-535F4338AF29}.Debug_Ultra1|x86.ActiveCfg = Debug|Any CPU
		{7A9CD689-ED4C-4805-B12A-535F4338AF29}.Debug_Ultra1T1|Any CPU.ActiveCfg = Debug|Any CPU
		{7A9CD689-ED4C-4805-B12A-535F4338AF29}.Debug_Ultra1T1|Any CPU.Build.0 = Debug|Any CPU
		{7A9CD689-ED4C-4805-B12A-535F4338AF29}.Debug_Ultra1T1|Mixed Platforms.ActiveCfg = Debug|Any CPU
		{7A9CD689-ED4C-4805-B12A-535F4338AF29}.Debug_Ultra1T1|Mixed Platforms.Build.0 = Debug|Any CPU
		{7A9CD689-ED4C-4805-B12A-535F4338AF29}.Debug_Ultra1T1|x86.ActiveCfg = Debug|Any CPU
		{7A9CD689-ED4C-4805-B12A-535F4338AF29}.Debug_Ultra5|Any CPU.ActiveCfg = Debug|Any CPU
		{7A9CD689-ED4C-4805-B12A-535F4338AF29}.Debug_Ultra5|Any CPU.Build.0 = Debug|Any CPU
		{7A9CD689-ED4C-4805-B12A-535F4338AF29}.Debug_Ultra5|Mixed Platforms.ActiveCfg = Debug|Any CPU
		{7A9CD689-ED4C-4805-B12A-535F4338AF29}.Debug_Ultra5|Mixed Platforms.Build.0 = Debug|Any CPU
		{7A9CD689-ED4C-4805-B12A-535F4338AF29}.Debug_Ultra5|x86.ActiveCfg = Debug|Any CPU
		{7A9CD689-ED4C-4805-B12A-535F4338AF29}.Debug_UltraTutorial|Any CPU.ActiveCfg = Debug|Any CPU
		{7A9CD689-ED4C-4805-B12A-535F4338AF29}.Debug_UltraTutorial|Any CPU.Build.0 = Debug|Any CPU
		{7A9CD689-ED4C-4805-B12A-535F4338AF29}.Debug_UltraTutorial|Mixed Platforms.ActiveCfg = Debug|Any CPU
		{7A9CD689-ED4C-4805-B12A-535F4338AF29}.Debug_UltraTutorial|Mixed Platforms.Build.0 = Debug|Any CPU
		{7A9CD689-ED4C-4805-B12A-535F4338AF29}.Debug_UltraTutorial|x86.ActiveCfg = Debug|Any CPU
		{7A9CD689-ED4C-4805-B12A-535F4338AF29}.Debug_VBUltra1|Any CPU.ActiveCfg = Debug|Any CPU
		{7A9CD689-ED4C-4805-B12A-535F4338AF29}.Debug_VBUltra1|Any CPU.Build.0 = Debug|Any CPU
		{7A9CD689-ED4C-4805-B12A-535F4338AF29}.Debug_VBUltra1|Mixed Platforms.ActiveCfg = Debug|Any CPU
		{7A9CD689-ED4C-4805-B12A-535F4338AF29}.Debug_VBUltra1|Mixed Platforms.Build.0 = Debug|Any CPU
		{7A9CD689-ED4C-4805-B12A-535F4338AF29}.Debug_VBUltra1|x86.ActiveCfg = Debug|Any CPU
		{7A9CD689-ED4C-4805-B12A-535F4338AF29}.Debug_WebApp|Any CPU.ActiveCfg = Debug|Any CPU
		{7A9CD689-ED4C-4805-B12A-535F4338AF29}.Debug_WebApp|Any CPU.Build.0 = Debug|Any CPU
		{7A9CD689-ED4C-4805-B12A-535F4338AF29}.Debug_WebApp|Mixed Platforms.ActiveCfg = Debug|Any CPU
		{7A9CD689-ED4C-4805-B12A-535F4338AF29}.Debug_WebApp|Mixed Platforms.Build.0 = Debug|Any CPU
		{7A9CD689-ED4C-4805-B12A-535F4338AF29}.Debug_WebApp|x86.ActiveCfg = Debug|Any CPU
		{7A9CD689-ED4C-4805-B12A-535F4338AF29}.Debug|Any CPU.ActiveCfg = Debug|Any CPU
		{7A9CD689-ED4C-4805-B12A-535F4338AF29}.Debug|Any CPU.Build.0 = Debug|Any CPU
		{7A9CD689-ED4C-4805-B12A-535F4338AF29}.Debug|Mixed Platforms.ActiveCfg = Debug|Any CPU
		{7A9CD689-ED4C-4805-B12A-535F4338AF29}.Debug|Mixed Platforms.Build.0 = Debug|Any CPU
		{7A9CD689-ED4C-4805-B12A-535F4338AF29}.Debug|x86.ActiveCfg = Debug|Any CPU
		{7A9CD689-ED4C-4805-B12A-535F4338AF29}.HTShop|Any CPU.ActiveCfg = Release|Any CPU
		{7A9CD689-ED4C-4805-B12A-535F4338AF29}.HTShop|Any CPU.Build.0 = Release|Any CPU
		{7A9CD689-ED4C-4805-B12A-535F4338AF29}.HTShop|Mixed Platforms.ActiveCfg = Release|Any CPU
		{7A9CD689-ED4C-4805-B12A-535F4338AF29}.HTShop|Mixed Platforms.Build.0 = Release|Any CPU
		{7A9CD689-ED4C-4805-B12A-535F4338AF29}.HTShop|x86.ActiveCfg = Release|Any CPU
		{7A9CD689-ED4C-4805-B12A-535F4338AF29}.Release|Any CPU.ActiveCfg = Release|Any CPU
		{7A9CD689-ED4C-4805-B12A-535F4338AF29}.Release|Any CPU.Build.0 = Release|Any CPU
		{7A9CD689-ED4C-4805-B12A-535F4338AF29}.Release|Mixed Platforms.ActiveCfg = Release|Any CPU
		{7A9CD689-ED4C-4805-B12A-535F4338AF29}.Release|Mixed Platforms.Build.0 = Release|Any CPU
		{7A9CD689-ED4C-4805-B12A-535F4338AF29}.Release|x86.ActiveCfg = Release|Any CPU
		{477C5608-F5CD-436F-935D-66675988F1D9}.Debug with Doc|Any CPU.ActiveCfg = Debug with Doc|Any CPU
		{477C5608-F5CD-436F-935D-66675988F1D9}.Debug with Doc|Any CPU.Build.0 = Debug with Doc|Any CPU
		{477C5608-F5CD-436F-935D-66675988F1D9}.Debug with Doc|Mixed Platforms.ActiveCfg = Debug with Doc|Any CPU
		{477C5608-F5CD-436F-935D-66675988F1D9}.Debug with Doc|Mixed Platforms.Build.0 = Debug with Doc|Any CPU
		{477C5608-F5CD-436F-935D-66675988F1D9}.Debug with Doc|x86.ActiveCfg = Debug with Doc|Any CPU
		{477C5608-F5CD-436F-935D-66675988F1D9}.Debug_Ultra1|Any CPU.ActiveCfg = Debug_Ultra1|Any CPU
		{477C5608-F5CD-436F-935D-66675988F1D9}.Debug_Ultra1|Any CPU.Build.0 = Debug_Ultra1|Any CPU
		{477C5608-F5CD-436F-935D-66675988F1D9}.Debug_Ultra1|Mixed Platforms.ActiveCfg = Debug_Ultra1|Any CPU
		{477C5608-F5CD-436F-935D-66675988F1D9}.Debug_Ultra1|Mixed Platforms.Build.0 = Debug_Ultra1|Any CPU
		{477C5608-F5CD-436F-935D-66675988F1D9}.Debug_Ultra1|x86.ActiveCfg = Debug_Ultra1|Any CPU
		{477C5608-F5CD-436F-935D-66675988F1D9}.Debug_Ultra1T1|Any CPU.ActiveCfg = Debug_Ultra1T1|Any CPU
		{477C5608-F5CD-436F-935D-66675988F1D9}.Debug_Ultra1T1|Any CPU.Build.0 = Debug_Ultra1T1|Any CPU
		{477C5608-F5CD-436F-935D-66675988F1D9}.Debug_Ultra1T1|Mixed Platforms.ActiveCfg = Debug_Ultra1T1|Any CPU
		{477C5608-F5CD-436F-935D-66675988F1D9}.Debug_Ultra1T1|Mixed Platforms.Build.0 = Debug_Ultra1T1|Any CPU
		{477C5608-F5CD-436F-935D-66675988F1D9}.Debug_Ultra1T1|x86.ActiveCfg = Debug_Ultra1T1|Any CPU
		{477C5608-F5CD-436F-935D-66675988F1D9}.Debug_Ultra5|Any CPU.ActiveCfg = Debug_Ultra5|Any CPU
		{477C5608-F5CD-436F-935D-66675988F1D9}.Debug_Ultra5|Any CPU.Build.0 = Debug_Ultra5|Any CPU
		{477C5608-F5CD-436F-935D-66675988F1D9}.Debug_Ultra5|Mixed Platforms.ActiveCfg = Debug_Ultra5|Any CPU
		{477C5608-F5CD-436F-935D-66675988F1D9}.Debug_Ultra5|Mixed Platforms.Build.0 = Debug_Ultra5|Any CPU
		{477C5608-F5CD-436F-935D-66675988F1D9}.Debug_Ultra5|x86.ActiveCfg = Debug_Ultra5|Any CPU
		{477C5608-F5CD-436F-935D-66675988F1D9}.Debug_UltraTutorial|Any CPU.ActiveCfg = Debug_UltraTutorial|Any CPU
		{477C5608-F5CD-436F-935D-66675988F1D9}.Debug_UltraTutorial|Any CPU.Build.0 = Debug_UltraTutorial|Any CPU
		{477C5608-F5CD-436F-935D-66675988F1D9}.Debug_UltraTutorial|Mixed Platforms.ActiveCfg = Debug_UltraTutorial|Any CPU
		{477C5608-F5CD-436F-935D-66675988F1D9}.Debug_UltraTutorial|Mixed Platforms.Build.0 = Debug_UltraTutorial|Any CPU
		{477C5608-F5CD-436F-935D-66675988F1D9}.Debug_UltraTutorial|x86.ActiveCfg = Debug_UltraTutorial|Any CPU
		{477C5608-F5CD-436F-935D-66675988F1D9}.Debug_VBUltra1|Any CPU.ActiveCfg = Debug_VBUltra1|Any CPU
		{477C5608-F5CD-436F-935D-66675988F1D9}.Debug_VBUltra1|Any CPU.Build.0 = Debug_VBUltra1|Any CPU
		{477C5608-F5CD-436F-935D-66675988F1D9}.Debug_VBUltra1|Mixed Platforms.ActiveCfg = Debug_VBUltra1|Any CPU
		{477C5608-F5CD-436F-935D-66675988F1D9}.Debug_VBUltra1|Mixed Platforms.Build.0 = Debug_VBUltra1|Any CPU
		{477C5608-F5CD-436F-935D-66675988F1D9}.Debug_VBUltra1|x86.ActiveCfg = Debug_VBUltra1|Any CPU
		{477C5608-F5CD-436F-935D-66675988F1D9}.Debug_WebApp|Any CPU.ActiveCfg = Debug_WebApp|Any CPU
		{477C5608-F5CD-436F-935D-66675988F1D9}.Debug_WebApp|Any CPU.Build.0 = Debug_WebApp|Any CPU
		{477C5608-F5CD-436F-935D-66675988F1D9}.Debug_WebApp|Mixed Platforms.ActiveCfg = Debug_WebApp|Any CPU
		{477C5608-F5CD-436F-935D-66675988F1D9}.Debug_WebApp|Mixed Platforms.Build.0 = Debug_WebApp|Any CPU
		{477C5608-F5CD-436F-935D-66675988F1D9}.Debug_WebApp|x86.ActiveCfg = Debug_WebApp|Any CPU
		{477C5608-F5CD-436F-935D-66675988F1D9}.Debug|Any CPU.ActiveCfg = Debug|Any CPU
		{477C5608-F5CD-436F-935D-66675988F1D9}.Debug|Any CPU.Build.0 = Debug|Any CPU
		{477C5608-F5CD-436F-935D-66675988F1D9}.Debug|Mixed Platforms.ActiveCfg = Debug|Any CPU
		{477C5608-F5CD-436F-935D-66675988F1D9}.Debug|Mixed Platforms.Build.0 = Debug|Any CPU
		{477C5608-F5CD-436F-935D-66675988F1D9}.Debug|x86.ActiveCfg = Debug|Any CPU
		{477C5608-F5CD-436F-935D-66675988F1D9}.HTShop|Any CPU.ActiveCfg = HTShop|Any CPU
		{477C5608-F5CD-436F-935D-66675988F1D9}.HTShop|Any CPU.Build.0 = HTShop|Any CPU
		{477C5608-F5CD-436F-935D-66675988F1D9}.HTShop|Mixed Platforms.ActiveCfg = HTShop|Any CPU
		{477C5608-F5CD-436F-935D-66675988F1D9}.HTShop|Mixed Platforms.Build.0 = HTShop|Any CPU
		{477C5608-F5CD-436F-935D-66675988F1D9}.HTShop|x86.ActiveCfg = HTShop|Any CPU
		{477C5608-F5CD-436F-935D-66675988F1D9}.Release|Any CPU.ActiveCfg = Release|Any CPU
		{477C5608-F5CD-436F-935D-66675988F1D9}.Release|Any CPU.Build.0 = Release|Any CPU
		{477C5608-F5CD-436F-935D-66675988F1D9}.Release|Mixed Platforms.ActiveCfg = Release|Any CPU
		{477C5608-F5CD-436F-935D-66675988F1D9}.Release|Mixed Platforms.Build.0 = Release|Any CPU
		{477C5608-F5CD-436F-935D-66675988F1D9}.Release|x86.ActiveCfg = Release|Any CPU
		{77861F2D-D284-4913-B9E9-D906C7262219}.Debug with Doc|Any CPU.ActiveCfg = Debug|Any CPU
		{77861F2D-D284-4913-B9E9-D906C7262219}.Debug with Doc|Any CPU.Build.0 = Debug|Any CPU
		{77861F2D-D284-4913-B9E9-D906C7262219}.Debug with Doc|Mixed Platforms.ActiveCfg = Debug|Any CPU
		{77861F2D-D284-4913-B9E9-D906C7262219}.Debug with Doc|Mixed Platforms.Build.0 = Debug|Any CPU
		{77861F2D-D284-4913-B9E9-D906C7262219}.Debug with Doc|x86.ActiveCfg = Debug|Any CPU
		{77861F2D-D284-4913-B9E9-D906C7262219}.Debug_Ultra1|Any CPU.ActiveCfg = Debug|Any CPU
		{77861F2D-D284-4913-B9E9-D906C7262219}.Debug_Ultra1|Any CPU.Build.0 = Debug|Any CPU
		{77861F2D-D284-4913-B9E9-D906C7262219}.Debug_Ultra1|Mixed Platforms.ActiveCfg = Debug|Any CPU
		{77861F2D-D284-4913-B9E9-D906C7262219}.Debug_Ultra1|Mixed Platforms.Build.0 = Debug|Any CPU
		{77861F2D-D284-4913-B9E9-D906C7262219}.Debug_Ultra1|x86.ActiveCfg = Debug|Any CPU
		{77861F2D-D284-4913-B9E9-D906C7262219}.Debug_Ultra1T1|Any CPU.ActiveCfg = Debug|Any CPU
		{77861F2D-D284-4913-B9E9-D906C7262219}.Debug_Ultra1T1|Any CPU.Build.0 = Debug|Any CPU
		{77861F2D-D284-4913-B9E9-D906C7262219}.Debug_Ultra1T1|Mixed Platforms.ActiveCfg = Debug|Any CPU
		{77861F2D-D284-4913-B9E9-D906C7262219}.Debug_Ultra1T1|Mixed Platforms.Build.0 = Debug|Any CPU
		{77861F2D-D284-4913-B9E9-D906C7262219}.Debug_Ultra1T1|x86.ActiveCfg = Debug|Any CPU
		{77861F2D-D284-4913-B9E9-D906C7262219}.Debug_Ultra5|Any CPU.ActiveCfg = Debug|Any CPU
		{77861F2D-D284-4913-B9E9-D906C7262219}.Debug_Ultra5|Any CPU.Build.0 = Debug|Any CPU
		{77861F2D-D284-4913-B9E9-D906C7262219}.Debug_Ultra5|Mixed Platforms.ActiveCfg = Debug|Any CPU
		{77861F2D-D284-4913-B9E9-D906C7262219}.Debug_Ultra5|Mixed Platforms.Build.0 = Debug|Any CPU
		{77861F2D-D284-4913-B9E9-D906C7262219}.Debug_Ultra5|x86.ActiveCfg = Debug|Any CPU
		{77861F2D-D284-4913-B9E9-D906C7262219}.Debug_UltraTutorial|Any CPU.ActiveCfg = Debug|Any CPU
		{77861F2D-D284-4913-B9E9-D906C7262219}.Debug_UltraTutorial|Any CPU.Build.0 = Debug|Any CPU
		{77861F2D-D284-4913-B9E9-D906C7262219}.Debug_UltraTutorial|Mixed Platforms.ActiveCfg = Debug|Any CPU
		{77861F2D-D284-4913-B9E9-D906C7262219}.Debug_UltraTutorial|Mixed Platforms.Build.0 = Debug|Any CPU
		{77861F2D-D284-4913-B9E9-D906C7262219}.Debug_UltraTutorial|x86.ActiveCfg = Debug|Any CPU
		{77861F2D-D284-4913-B9E9-D906C7262219}.Debug_VBUltra1|Any CPU.ActiveCfg = Debug|Any CPU
		{77861F2D-D284-4913-B9E9-D906C7262219}.Debug_VBUltra1|Any CPU.Build.0 = Debug|Any CPU
		{77861F2D-D284-4913-B9E9-D906C7262219}.Debug_VBUltra1|Mixed Platforms.ActiveCfg = Debug|Any CPU
		{77861F2D-D284-4913-B9E9-D906C7262219}.Debug_VBUltra1|Mixed Platforms.Build.0 = Debug|Any CPU
		{77861F2D-D284-4913-B9E9-D906C7262219}.Debug_VBUltra1|x86.ActiveCfg = Debug|Any CPU
		{77861F2D-D284-4913-B9E9-D906C7262219}.Debug_WebApp|Any CPU.ActiveCfg = Debug|Any CPU
		{77861F2D-D284-4913-B9E9-D906C7262219}.Debug_WebApp|Any CPU.Build.0 = Debug|Any CPU
		{77861F2D-D284-4913-B9E9-D906C7262219}.Debug_WebApp|Mixed Platforms.ActiveCfg = Debug|Any CPU
		{77861F2D-D284-4913-B9E9-D906C7262219}.Debug_WebApp|Mixed Platforms.Build.0 = Debug|Any CPU
		{77861F2D-D284-4913-B9E9-D906C7262219}.Debug_WebApp|x86.ActiveCfg = Debug|Any CPU
		{77861F2D-D284-4913-B9E9-D906C7262219}.Debug|Any CPU.ActiveCfg = Debug|Any CPU
		{77861F2D-D284-4913-B9E9-D906C7262219}.Debug|Any CPU.Build.0 = Debug|Any CPU
		{77861F2D-D284-4913-B9E9-D906C7262219}.Debug|Mixed Platforms.ActiveCfg = Debug|Any CPU
		{77861F2D-D284-4913-B9E9-D906C7262219}.Debug|Mixed Platforms.Build.0 = Debug|Any CPU
		{77861F2D-D284-4913-B9E9-D906C7262219}.Debug|x86.ActiveCfg = Debug|Any CPU
		{77861F2D-D284-4913-B9E9-D906C7262219}.HTShop|Any CPU.ActiveCfg = Release|Any CPU
		{77861F2D-D284-4913-B9E9-D906C7262219}.HTShop|Any CPU.Build.0 = Release|Any CPU
		{77861F2D-D284-4913-B9E9-D906C7262219}.HTShop|Mixed Platforms.ActiveCfg = Release|Any CPU
		{77861F2D-D284-4913-B9E9-D906C7262219}.HTShop|Mixed Platforms.Build.0 = Release|Any CPU
		{77861F2D-D284-4913-B9E9-D906C7262219}.HTShop|x86.ActiveCfg = Release|Any CPU
		{77861F2D-D284-4913-B9E9-D906C7262219}.Release|Any CPU.ActiveCfg = Release|Any CPU
		{77861F2D-D284-4913-B9E9-D906C7262219}.Release|Any CPU.Build.0 = Release|Any CPU
		{77861F2D-D284-4913-B9E9-D906C7262219}.Release|Mixed Platforms.ActiveCfg = Release|Any CPU
		{77861F2D-D284-4913-B9E9-D906C7262219}.Release|Mixed Platforms.Build.0 = Release|Any CPU
		{77861F2D-D284-4913-B9E9-D906C7262219}.Release|x86.ActiveCfg = Release|Any CPU
		{DDBFB239-D10A-45D6-8F26-CF467DFC6487}.Debug with Doc|Any CPU.ActiveCfg = Debug|x86
		{DDBFB239-D10A-45D6-8F26-CF467DFC6487}.Debug with Doc|Mixed Platforms.ActiveCfg = Debug|x86
		{DDBFB239-D10A-45D6-8F26-CF467DFC6487}.Debug with Doc|Mixed Platforms.Build.0 = Debug|x86
		{DDBFB239-D10A-45D6-8F26-CF467DFC6487}.Debug with Doc|x86.ActiveCfg = Debug|x86
		{DDBFB239-D10A-45D6-8F26-CF467DFC6487}.Debug with Doc|x86.Build.0 = Debug|x86
		{DDBFB239-D10A-45D6-8F26-CF467DFC6487}.Debug_Ultra1|Any CPU.ActiveCfg = Debug|x86
		{DDBFB239-D10A-45D6-8F26-CF467DFC6487}.Debug_Ultra1|Mixed Platforms.ActiveCfg = Debug|x86
		{DDBFB239-D10A-45D6-8F26-CF467DFC6487}.Debug_Ultra1|Mixed Platforms.Build.0 = Debug|x86
		{DDBFB239-D10A-45D6-8F26-CF467DFC6487}.Debug_Ultra1|x86.ActiveCfg = Debug|x86
		{DDBFB239-D10A-45D6-8F26-CF467DFC6487}.Debug_Ultra1|x86.Build.0 = Debug|x86
		{DDBFB239-D10A-45D6-8F26-CF467DFC6487}.Debug_Ultra1T1|Any CPU.ActiveCfg = Debug|x86
		{DDBFB239-D10A-45D6-8F26-CF467DFC6487}.Debug_Ultra1T1|Mixed Platforms.ActiveCfg = Debug|x86
		{DDBFB239-D10A-45D6-8F26-CF467DFC6487}.Debug_Ultra1T1|Mixed Platforms.Build.0 = Debug|x86
		{DDBFB239-D10A-45D6-8F26-CF467DFC6487}.Debug_Ultra1T1|x86.ActiveCfg = Debug|x86
		{DDBFB239-D10A-45D6-8F26-CF467DFC6487}.Debug_Ultra1T1|x86.Build.0 = Debug|x86
		{DDBFB239-D10A-45D6-8F26-CF467DFC6487}.Debug_Ultra5|Any CPU.ActiveCfg = Debug|x86
		{DDBFB239-D10A-45D6-8F26-CF467DFC6487}.Debug_Ultra5|Mixed Platforms.ActiveCfg = Debug|x86
		{DDBFB239-D10A-45D6-8F26-CF467DFC6487}.Debug_Ultra5|Mixed Platforms.Build.0 = Debug|x86
		{DDBFB239-D10A-45D6-8F26-CF467DFC6487}.Debug_Ultra5|x86.ActiveCfg = Debug|x86
		{DDBFB239-D10A-45D6-8F26-CF467DFC6487}.Debug_Ultra5|x86.Build.0 = Debug|x86
		{DDBFB239-D10A-45D6-8F26-CF467DFC6487}.Debug_UltraTutorial|Any CPU.ActiveCfg = Debug|x86
		{DDBFB239-D10A-45D6-8F26-CF467DFC6487}.Debug_UltraTutorial|Mixed Platforms.ActiveCfg = Debug|x86
		{DDBFB239-D10A-45D6-8F26-CF467DFC6487}.Debug_UltraTutorial|Mixed Platforms.Build.0 = Debug|x86
		{DDBFB239-D10A-45D6-8F26-CF467DFC6487}.Debug_UltraTutorial|x86.ActiveCfg = Debug|x86
		{DDBFB239-D10A-45D6-8F26-CF467DFC6487}.Debug_UltraTutorial|x86.Build.0 = Debug|x86
		{DDBFB239-D10A-45D6-8F26-CF467DFC6487}.Debug_VBUltra1|Any CPU.ActiveCfg = Debug|x86
		{DDBFB239-D10A-45D6-8F26-CF467DFC6487}.Debug_VBUltra1|Mixed Platforms.ActiveCfg = Debug|x86
		{DDBFB239-D10A-45D6-8F26-CF467DFC6487}.Debug_VBUltra1|Mixed Platforms.Build.0 = Debug|x86
		{DDBFB239-D10A-45D6-8F26-CF467DFC6487}.Debug_VBUltra1|x86.ActiveCfg = Debug|x86
		{DDBFB239-D10A-45D6-8F26-CF467DFC6487}.Debug_VBUltra1|x86.Build.0 = Debug|x86
		{DDBFB239-D10A-45D6-8F26-CF467DFC6487}.Debug_WebApp|Any CPU.ActiveCfg = Debug|x86
		{DDBFB239-D10A-45D6-8F26-CF467DFC6487}.Debug_WebApp|Mixed Platforms.ActiveCfg = Debug|x86
		{DDBFB239-D10A-45D6-8F26-CF467DFC6487}.Debug_WebApp|Mixed Platforms.Build.0 = Debug|x86
		{DDBFB239-D10A-45D6-8F26-CF467DFC6487}.Debug_WebApp|x86.ActiveCfg = Debug|x86
		{DDBFB239-D10A-45D6-8F26-CF467DFC6487}.Debug_WebApp|x86.Build.0 = Debug|x86
		{DDBFB239-D10A-45D6-8F26-CF467DFC6487}.Debug|Any CPU.ActiveCfg = Debug|x86
		{DDBFB239-D10A-45D6-8F26-CF467DFC6487}.Debug|Mixed Platforms.ActiveCfg = Debug|x86
		{DDBFB239-D10A-45D6-8F26-CF467DFC6487}.Debug|Mixed Platforms.Build.0 = Debug|x86
		{DDBFB239-D10A-45D6-8F26-CF467DFC6487}.Debug|x86.ActiveCfg = Debug|x86
		{DDBFB239-D10A-45D6-8F26-CF467DFC6487}.Debug|x86.Build.0 = Debug|x86
		{DDBFB239-D10A-45D6-8F26-CF467DFC6487}.HTShop|Any CPU.ActiveCfg = Release|x86
		{DDBFB239-D10A-45D6-8F26-CF467DFC6487}.HTShop|Mixed Platforms.ActiveCfg = Release|x86
		{DDBFB239-D10A-45D6-8F26-CF467DFC6487}.HTShop|Mixed Platforms.Build.0 = Release|x86
		{DDBFB239-D10A-45D6-8F26-CF467DFC6487}.HTShop|x86.ActiveCfg = Release|x86
		{DDBFB239-D10A-45D6-8F26-CF467DFC6487}.HTShop|x86.Build.0 = Release|x86
		{DDBFB239-D10A-45D6-8F26-CF467DFC6487}.Release|Any CPU.ActiveCfg = Release|x86
		{DDBFB239-D10A-45D6-8F26-CF467DFC6487}.Release|Mixed Platforms.ActiveCfg = Release|x86
		{DDBFB239-D10A-45D6-8F26-CF467DFC6487}.Release|Mixed Platforms.Build.0 = Release|x86
		{DDBFB239-D10A-45D6-8F26-CF467DFC6487}.Release|x86.ActiveCfg = Release|x86
		{DDBFB239-D10A-45D6-8F26-CF467DFC6487}.Release|x86.Build.0 = Release|x86
	EndGlobalSection
	GlobalSection(SolutionProperties) = preSolution
		HideSolutionNode = FALSE
	EndGlobalSection
	GlobalSection(NestedProjects) = preSolution
		{477C5608-F5CD-436F-935D-66675988F1D9} = {0535A41B-25BF-443D-A3B2-82683B963466}
		{77861F2D-D284-4913-B9E9-D906C7262219} = {0535A41B-25BF-443D-A3B2-82683B963466}
		{DDBFB239-D10A-45D6-8F26-CF467DFC6487} = {0535A41B-25BF-443D-A3B2-82683B963466}
	EndGlobalSection
EndGlobal
